
Microsoft Visual Studio Solution File, Format Version 12.00
# Visual Studio Version 16
VisualStudioVersion = 16.0.29123.89
MinimumVisualStudioVersion = 10.0.40219.1
Project("{FAE04EC0-301F-11D3-BF4B-00C04F79EFBC}") = "BallGame", "BallGame.csproj", "{C9759627-4FCF-456D-9CE0-E48625CAF8A3}"
EndProject
Global
	GlobalSection(SolutionConfigurationPlatforms) = preSolution
		Debug|Any CPU = Debug|Any CPU
		Release|Any CPU = Release|Any CPU
	EndGlobalSection
	GlobalSection(ProjectConfigurationPlatforms) = postSolution
		{C9759627-4FCF-456D-9CE0-E48625CAF8A3}.Debug|Any CPU.ActiveCfg = Debug|Any CPU
		{C9759627-4FCF-456D-9CE0-E48625CAF8A3}.Debug|Any CPU.Build.0 = Debug|Any CPU
		{C9759627-4FCF-456D-9CE0-E48625CAF8A3}.Release|Any CPU.ActiveCfg = Release|Any CPU
		{C9759627-4FCF-456D-9CE0-E48625CAF8A3}.Release|Any CPU.Build.0 = Release|Any CPU
	EndGlobalSection
	GlobalSection(SolutionProperties) = preSolution
		HideSolutionNode = FALSE
	EndGlobalSection
	GlobalSection(ExtensibilityGlobals) = postSolution
		SolutionGuid = {B30E891C-993F-460A-9FB7-794CD8AD1378}
	EndGlobalSection
EndGlobal
